<?xml version="1.0" encoding="utf-8"?>
<Project ToolsVersion="4.0" xmlns="http://schemas.microsoft.com/developer/msbuild/2003">
  <ItemGroup>
    <Filter Include="01 Header Files">
      <UniqueIdentifier>{93995380-89BD-4b04-88EB-625FBE52EBFB}</UniqueIdentifier>
      <Extensions>h;hh;hpp;hxx;h++;hm;inl;inc;ipp;xsd</Extensions>
    </Filter>
    <Filter Include="03 Resource Files">
      <UniqueIdentifier>{67DA6AB6-F800-4c08-8B7A-83BB121AAD01}</UniqueIdentifier>
      <Extensions>rc;ico;cur;bmp;dlg;rc2;rct;bin;rgs;gif;jpg;jpeg;jpe;resx;tiff;tif;png;wav;mfcribbon-ms</Extensions>
    </Filter>
    <Filter Include="02 Source Files">
      <UniqueIdentifier>{4FC737F1-C7A5-4376-A066-2A32D752A2FF}</UniqueIdentifier>
      <Extensions>cpp;c;cc;cxx;c++;cppm;ixx;def;odl;idl;hpj;bat;asm;asmx</Extensions>
    </Filter>
    <Filter Include="04 dists">
      <UniqueIdentifier>{3929de51-7277-4b5b-8fa4-f94a2f7618f5}</UniqueIdentifier>
    </Filter>
    <Filter Include="02 Source Files\lsMisc">
      <UniqueIdentifier>{1cf00bc8-d8c4-421c-92c6-819223032af2}</UniqueIdentifier>
    </Filter>
    <Filter Include="02 Source Files\compact_enc_det">
      <UniqueIdentifier>{1f606749-3729-4f0c-b9a3-8acc47d5e3ac}</UniqueIdentifier>
    </Filter>
  </ItemGroup>
  <ItemGroup>
    <ClInclude Include="framework.h">
      <Filter>01 Header Files</Filter>
    </ClInclude>
    <ClInclude Include="targetver.h">
      <Filter>01 Header Files</Filter>
    </ClInclude>
    <ClInclude Include="Resource.h">
      <Filter>01 Header Files</Filter>
    </ClInclude>
    <ClInclude Include="txvr.h">
      <Filter>01 Header Files</Filter>
    </ClInclude>
    <ClInclude Include="..\..\lsMisc\CommandLineParser.h">
      <Filter>01 Header Files</Filter>
    </ClInclude>
    <ClInclude Include="..\..\lsMisc\stdosd\stdosd.h">
      <Filter>01 Header Files</Filter>
    </ClInclude>
    <ClInclude Include="..\..\lsMisc\stdosd\stdosd_literal.h">
      <Filter>01 Header Files</Filter>
    </ClInclude>
    <ClInclude Include="..\..\lsMisc\UrlEncode.h">
      <Filter>01 Header Files</Filter>
    </ClInclude>
    <ClInclude Include="..\..\lsMisc\UTF16toUTF8.h">
      <Filter>01 Header Files</Filter>
    </ClInclude>
    <ClInclude Include="..\..\lsMisc\HighDPI.h">
      <Filter>01 Header Files</Filter>
    </ClInclude>
    <ClInclude Include="..\..\lsMisc\CHandle.h">
      <Filter>01 Header Files</Filter>
    </ClInclude>
    <ClInclude Include="..\..\lsMisc\GetLastErrorString.h">
      <Filter>01 Header Files</Filter>
    </ClInclude>
    <ClInclude Include="..\..\profile\cpp\Profile\include\ambiesoft.profile.h">
      <Filter>01 Header Files</Filter>
    </ClInclude>
    <ClInclude Include="..\..\lsMisc\DebugMacro.h">
      <Filter>01 Header Files</Filter>
    </ClInclude>
    <ClInclude Include="..\..\lsMisc\GetVersionString.h">
      <Filter>01 Header Files</Filter>
    </ClInclude>
    <ClInclude Include="..\..\lsMisc\GetAllTexts.h">
      <Filter>01 Header Files</Filter>
    </ClInclude>
    <ClInclude Include="..\..\lsMisc\ErrorExit.h">
      <Filter>01 Header Files</Filter>
    </ClInclude>
    <ClInclude Include="helper.h">
      <Filter>01 Header Files</Filter>
    </ClInclude>
  </ItemGroup>
  <ItemGroup>
    <ClCompile Include="txvr.cpp">
      <Filter>02 Source Files</Filter>
    </ClCompile>
    <ClCompile Include="..\..\lsMisc\CommandLineParser.cpp">
      <Filter>02 Source Files\lsMisc</Filter>
    </ClCompile>
    <ClCompile Include="..\..\lsMisc\DebugMacro.cpp">
      <Filter>02 Source Files\lsMisc</Filter>
    </ClCompile>
    <ClCompile Include="..\..\lsMisc\GetLastErrorString.cpp">
      <Filter>02 Source Files\lsMisc</Filter>
    </ClCompile>
    <ClCompile Include="..\..\lsMisc\GetVersionString.cpp">
      <Filter>02 Source Files\lsMisc</Filter>
    </ClCompile>
    <ClCompile Include="..\..\lsMisc\HighDPI.cpp">
      <Filter>02 Source Files\lsMisc</Filter>
    </ClCompile>
    <ClCompile Include="..\..\lsMisc\stdosd\stdosd.cpp">
      <Filter>02 Source Files\lsMisc</Filter>
    </ClCompile>
    <ClCompile Include="..\..\lsMisc\stdosd\stdosd_win.cpp">
      <Filter>02 Source Files\lsMisc</Filter>
    </ClCompile>
    <ClCompile Include="..\..\lsMisc\UrlEncode.cpp">
      <Filter>02 Source Files\lsMisc</Filter>
    </ClCompile>
    <ClCompile Include="..\..\lsMisc\UTF16toUTF8.cpp">
      <Filter>02 Source Files\lsMisc</Filter>
    </ClCompile>
    <ClCompile Include="WndProc.cpp">
      <Filter>02 Source Files</Filter>
    </ClCompile>
    <ClCompile Include="..\..\lsMisc\GetAllTexts.cpp">
      <Filter>02 Source Files</Filter>
    </ClCompile>
    <ClCompile Include="globals.cpp">
      <Filter>02 Source Files</Filter>
    </ClCompile>
    <ClCompile Include="..\..\lsMisc\ErrorExit.cpp">
      <Filter>02 Source Files</Filter>
    </ClCompile>
    <ClCompile Include="helper.cpp">
      <Filter>02 Source Files</Filter>
    </ClCompile>
    <ClCompile Include="..\compact_enc_det\compact_enc_det\compact_enc_det.cc">
      <Filter>02 Source Files\compact_enc_det</Filter>
    </ClCompile>
    <ClCompile Include="..\compact_enc_det\compact_enc_det\compact_enc_det_hint_code.cc">
      <Filter>02 Source Files\compact_enc_det</Filter>
    </ClCompile>
    <ClCompile Include="..\compact_enc_det\util\encodings\encodings.cc">
      <Filter>02 Source Files\compact_enc_det</Filter>
    </ClCompile>
    <ClCompile Include="..\compact_enc_det\util\languages\languages.cc">
      <Filter>02 Source Files\compact_enc_det</Filter>
    </ClCompile>
  </ItemGroup>
  <ItemGroup>
    <ResourceCompile Include="txvr.rc">
      <Filter>03 Resource Files</Filter>
    </ResourceCompile>
  </ItemGroup>
  <ItemGroup>
    <Image Include="small.ico">
      <Filter>03 Resource Files</Filter>
    </Image>
    <Image Include="txvr.ico">
      <Filter>03 Resource Files</Filter>
    </Image>
  </ItemGroup>
  <ItemGroup>
    <Text Include="history.txt">
      <Filter>04 dists</Filter>
    </Text>
  </ItemGroup>
</Project>